
Microsoft Visual Studio Solution File, Format Version 12.00
# Visual Studio Version 17
VisualStudioVersion = 17.0.31903.59
MinimumVisualStudioVersion = 10.0.40219.1
Project("{FAE04EC0-301F-11D3-BF4B-00C04F79EFBC}") = "factorialService", "factorialService\factorialService.csproj", "{C0D2A9FE-7695-484A-9B31-F80F664FC75F}"
EndProject
Project("{FAE04EC0-301F-11D3-BF4B-00C04F79EFBC}") = "webx", "webx\webx.csproj", "{2C5CFDBA-6C97-49A9-9D82-BA57271E00A4}"
EndProject
Global
	GlobalSection(SolutionConfigurationPlatforms) = preSolution
		Debug|Any CPU = Debug|Any CPU
		Release|Any CPU = Release|Any CPU
	EndGlobalSection
	GlobalSection(SolutionProperties) = preSolution
		HideSolutionNode = FALSE
	EndGlobalSection
	GlobalSection(ProjectConfigurationPlatforms) = postSolution
		{C0D2A9FE-7695-484A-9B31-F80F664FC75F}.Debug|Any CPU.ActiveCfg = Debug|Any CPU
		{C0D2A9FE-7695-484A-9B31-F80F664FC75F}.Debug|Any CPU.Build.0 = Debug|Any CPU
		{C0D2A9FE-7695-484A-9B31-F80F664FC75F}.Release|Any CPU.ActiveCfg = Release|Any CPU
		{C0D2A9FE-7695-484A-9B31-F80F664FC75F}.Release|Any CPU.Build.0 = Release|Any CPU
		{2C5CFDBA-6C97-49A9-9D82-BA57271E00A4}.Debug|Any CPU.ActiveCfg = Debug|Any CPU
		{2C5CFDBA-6C97-49A9-9D82-BA57271E00A4}.Debug|Any CPU.Build.0 = Debug|Any CPU
		{2C5CFDBA-6C97-49A9-9D82-BA57271E00A4}.Release|Any CPU.ActiveCfg = Release|Any CPU
		{2C5CFDBA-6C97-49A9-9D82-BA57271E00A4}.Release|Any CPU.Build.0 = Release|Any CPU
	EndGlobalSection
EndGlobal
